
Microsoft Visual Studio Solution File, Format Version 12.00
# Visual Studio Version 17
VisualStudioVersion = 17.10.35013.160
MinimumVisualStudioVersion = 10.0.40219.1
Project("{FAE04EC0-301F-11D3-BF4B-00C04F79EFBC}") = "FileHandling", "FileHandling.csproj", "{5E58ECD8-3A1F-4581-9DF8-8B494FEFD13D}"
EndProject
Global
	GlobalSection(SolutionConfigurationPlatforms) = preSolution
		Debug|Any CPU = Debug|Any CPU
		Release|Any CPU = Release|Any CPU
	EndGlobalSection
	GlobalSection(ProjectConfigurationPlatforms) = postSolution
		{5E58ECD8-3A1F-4581-9DF8-8B494FEFD13D}.Debug|Any CPU.ActiveCfg = Debug|Any CPU
		{5E58ECD8-3A1F-4581-9DF8-8B494FEFD13D}.Debug|Any CPU.Build.0 = Debug|Any CPU
		{5E58ECD8-3A1F-4581-9DF8-8B494FEFD13D}.Release|Any CPU.ActiveCfg = Release|Any CPU
		{5E58ECD8-3A1F-4581-9DF8-8B494FEFD13D}.Release|Any CPU.Build.0 = Release|Any CPU
	EndGlobalSection
	GlobalSection(SolutionProperties) = preSolution
		HideSolutionNode = FALSE
	EndGlobalSection
	GlobalSection(ExtensibilityGlobals) = postSolution
		SolutionGuid = {87005B07-5EC0-4CB6-95C7-8EF2152E72EA}
	EndGlobalSection
EndGlobal
